
Microsoft Visual Studio Solution File, Format Version 12.00
# Visual Studio Version 16
VisualStudioVersion = 16.0.31112.23
MinimumVisualStudioVersion = 10.0.40219.1
Project("{9A19103F-16F7-4668-BE54-9A1E7A4F7556}") = "adventofcode2021", "adventofcode2021.csproj", "{1669D2AD-391D-4702-958E-35A29CBD5E98}"
EndProject
Project("{FAE04EC0-301F-11D3-BF4B-00C04F79EFBC}") = "adventofcode2021Tests", "..\adventofcode2021Tests\adventofcode2021Tests.csproj", "{40F480DF-C051-4F28-BF98-0A002B8658E9}"
	ProjectSection(ProjectDependencies) = postProject
		{1669D2AD-391D-4702-958E-35A29CBD5E98} = {1669D2AD-391D-4702-958E-35A29CBD5E98}
	EndProjectSection
EndProject
Global
	GlobalSection(SolutionConfigurationPlatforms) = preSolution
		Debug|Any CPU = Debug|Any CPU
		Release|Any CPU = Release|Any CPU
	EndGlobalSection
	GlobalSection(ProjectConfigurationPlatforms) = postSolution
		{1669D2AD-391D-4702-958E-35A29CBD5E98}.Debug|Any CPU.ActiveCfg = Debug|Any CPU
		{1669D2AD-391D-4702-958E-35A29CBD5E98}.Debug|Any CPU.Build.0 = Debug|Any CPU
		{1669D2AD-391D-4702-958E-35A29CBD5E98}.Release|Any CPU.ActiveCfg = Release|Any CPU
		{1669D2AD-391D-4702-958E-35A29CBD5E98}.Release|Any CPU.Build.0 = Release|Any CPU
		{40F480DF-C051-4F28-BF98-0A002B8658E9}.Debug|Any CPU.ActiveCfg = Debug|Any CPU
		{40F480DF-C051-4F28-BF98-0A002B8658E9}.Debug|Any CPU.Build.0 = Debug|Any CPU
		{40F480DF-C051-4F28-BF98-0A002B8658E9}.Release|Any CPU.ActiveCfg = Release|Any CPU
		{40F480DF-C051-4F28-BF98-0A002B8658E9}.Release|Any CPU.Build.0 = Release|Any CPU
	EndGlobalSection
	GlobalSection(SolutionProperties) = preSolution
		HideSolutionNode = FALSE
	EndGlobalSection
	GlobalSection(ExtensibilityGlobals) = postSolution
		SolutionGuid = {2F56DB95-C890-48E2-BFD3-723D01C7B450}
	EndGlobalSection
EndGlobal
